
Microsoft Visual Studio Solution File, Format Version 12.00
# Visual Studio Version 16
VisualStudioVersion = 16.0.30128.74
MinimumVisualStudioVersion = 10.0.40219.1
Project("{FAE04EC0-301F-11D3-BF4B-00C04F79EFBC}") = "SkillsUSA_JacobAngel_Task2", "SkillsUSA_JacobAngel_Task2\SkillsUSA_JacobAngel_Task2.csproj", "{59EEB6FD-EAED-4AA6-9B20-4047C7DD3380}"
EndProject
Global
	GlobalSection(SolutionConfigurationPlatforms) = preSolution
		Debug|Any CPU = Debug|Any CPU
		Release|Any CPU = Release|Any CPU
	EndGlobalSection
	GlobalSection(ProjectConfigurationPlatforms) = postSolution
		{59EEB6FD-EAED-4AA6-9B20-4047C7DD3380}.Debug|Any CPU.ActiveCfg = Debug|Any CPU
		{59EEB6FD-EAED-4AA6-9B20-4047C7DD3380}.Debug|Any CPU.Build.0 = Debug|Any CPU
		{59EEB6FD-EAED-4AA6-9B20-4047C7DD3380}.Release|Any CPU.ActiveCfg = Release|Any CPU
		{59EEB6FD-EAED-4AA6-9B20-4047C7DD3380}.Release|Any CPU.Build.0 = Release|Any CPU
	EndGlobalSection
	GlobalSection(SolutionProperties) = preSolution
		HideSolutionNode = FALSE
	EndGlobalSection
	GlobalSection(ExtensibilityGlobals) = postSolution
		SolutionGuid = {46CB1406-DBEF-4D88-B9B0-F6C871793BC6}
	EndGlobalSection
EndGlobal
