
Microsoft Visual Studio Solution File, Format Version 12.00
# Visual Studio Version 16
VisualStudioVersion = 16.0.30128.74
MinimumVisualStudioVersion = 10.0.40219.1
Project("{FAE04EC0-301F-11D3-BF4B-00C04F79EFBC}") = "SkillsUSA_JacobAngel_Task1", "SkillsUSA_JacobAngel_Task1\SkillsUSA_JacobAngel_Task1.csproj", "{DDFA0D7F-4309-498A-A258-EC4DC615C606}"
EndProject
Global
	GlobalSection(SolutionConfigurationPlatforms) = preSolution
		Debug|Any CPU = Debug|Any CPU
		Release|Any CPU = Release|Any CPU
	EndGlobalSection
	GlobalSection(ProjectConfigurationPlatforms) = postSolution
		{DDFA0D7F-4309-498A-A258-EC4DC615C606}.Debug|Any CPU.ActiveCfg = Debug|Any CPU
		{DDFA0D7F-4309-498A-A258-EC4DC615C606}.Debug|Any CPU.Build.0 = Debug|Any CPU
		{DDFA0D7F-4309-498A-A258-EC4DC615C606}.Release|Any CPU.ActiveCfg = Release|Any CPU
		{DDFA0D7F-4309-498A-A258-EC4DC615C606}.Release|Any CPU.Build.0 = Release|Any CPU
	EndGlobalSection
	GlobalSection(SolutionProperties) = preSolution
		HideSolutionNode = FALSE
	EndGlobalSection
	GlobalSection(ExtensibilityGlobals) = postSolution
		SolutionGuid = {21311BF0-43D0-449B-921B-572B09CE380E}
	EndGlobalSection
EndGlobal
